// !$*UTF8*$!
{
	archiveVersion = 1;
	classes = {
	};
	objectVersion = 46;
	objects = {

/* Begin PBXBuildFile section */
		405647B61B572FA8001E871A /* main.m in Sources */ = {isa = PBXBuildFile; fileRef = 405647B51B572FA8001E871A /* main.m */; };
		405647B91B572FA8001E871A /* AppDelegate.m in Sources */ = {isa = PBXBuildFile; fileRef = 405647B81B572FA8001E871A /* AppDelegate.m */; };
		405647BC1B572FA8001E871A /* ViewController.m in Sources */ = {isa = PBXBuildFile; fileRef = 405647BB1B572FA8001E871A /* ViewController.m */; };
		405647BF1B572FA8001E871A /* Main.storyboard in Resources */ = {isa = PBXBuildFile; fileRef = 405647BD1B572FA8001E871A /* Main.storyboard */; };
		405647C11B572FA8001E871A /* Images.xcassets in Resources */ = {isa = PBXBuildFile; fileRef = 405647C01B572FA8001E871A /* Images.xcassets */; };
		405647C41B572FA8001E871A /* LaunchScreen.xib in Resources */ = {isa = PBXBuildFile; fileRef = 405647C21B572FA8001E871A /* LaunchScreen.xib */; };
		405647D01B572FA8001E871A /* TWeatherTests.m in Sources */ = {isa = PBXBuildFile; fileRef = 405647CF1B572FA8001E871A /* TWeatherTests.m */; };
/* End PBXBuildFile section */

/* Begin PBXContainerItemProxy section */
		405647CA1B572FA8001E871A /* PBXContainerItemProxy */ = {
			isa = PBXContainerItemProxy;
			containerPortal = 405647A81B572FA7001E871A /* Project object */;
			proxyType = 1;
			remoteGlobalIDString = 405647AF1B572FA7001E871A;
			remoteInfo = TWeather;
		};
/* End PBXContainerItemProxy section */

/* Begin PBXFileReference section */
		405647B01B572FA7001E871A /* TWeather.app */ = {isa = PBXFileReference; explicitFileType = wrapper.application; includeInIndex = 0; path = TWeather.app; sourceTree = BUILT_PRODUCTS_DIR; };
		405647B41B572FA8001E871A /* Info.plist */ = {isa = PBXFileReference; lastKnownFileType = text.plist.xml; path = Info.plist; sourceTree = "<group>"; };
		405647B51B572FA8001E871A /* main.m */ = {isa = PBXFileReference; lastKnownFileType = sourcecode.c.objc; path = main.m; sourceTree = "<group>"; };
		405647B71B572FA8001E871A /* AppDelegate.h */ = {isa = PBXFileReference; lastKnownFileType = sourcecode.c.h; path = AppDelegate.h; sourceTree = "<group>"; };
		405647B81B572FA8001E871A /* AppDelegate.m */ = {isa = PBXFileReference; lastKnownFileType = sourcecode.c.objc; path = AppDelegate.m; sourceTree = "<group>"; };
		405647BA1B572FA8001E871A /* ViewController.h */ = {isa = PBXFileReference; lastKnownFileType = sourcecode.c.h; path = ViewController.h; sourceTree = "<group>"; };
		405647BB1B572FA8001E871A /* ViewController.m */ = {isa = PBXFileReference; lastKnownFileType = sourcecode.c.objc; path = ViewController.m; sourceTree = "<group>"; };
		405647BE1B572FA8001E871A /* Base */ = {isa = PBXFileReference; lastKnownFileType = file.storyboard; name = Base; path = Base.lproj/Main.storyboard; sourceTree = "<group>"; };
		405647C01B572FA8001E871A /* Images.xcassets */ = {isa = PBXFileReference; lastKnownFileType = folder.assetcatalog; path = Images.xcassets; sourceTree = "<group>"; };
		405647C31B572FA8001E871A /* Base */ = {isa = PBXFileReference; lastKnownFileType = file.xib; name = Base; path = Base.lproj/LaunchScreen.xib; sourceTree = "<group>"; };
		405647C91B572FA8001E871A /* TWeatherTests.xctest */ = {isa = PBXFileReference; explicitFileType = wrapper.cfbundle; includeInIndex = 0; path = TWeatherTests.xctest; sourceTree = BUILT_PRODUCTS_DIR; };
		405647CE1B572FA8001E871A /* Info.plist */ = {isa = PBXFileReference; lastKnownFileType = text.plist.xml; path = Info.plist; sourceTree = "<group>"; };
		405647CF1B572FA8001E871A /* TWeatherTests.m */ = {isa = PBXFileReference; lastKnownFileType = sourcecode.c.objc; path = TWeatherTests.m; sourceTree = "<group>"; };
/* End PBXFileReference section */

/* Begin PBXFrameworksBuildPhase section */
		405647AD1B572FA7001E871A /* Frameworks */ = {
			isa = PBXFrameworksBuildPhase;
			buildActionMask = 2147483647;
			files = (
			);
			runOnlyForDeploymentPostprocessing = 0;
		};
		405647C61B572FA8001E871A /* Frameworks */ = {
			isa = PBXFrameworksBuildPhase;
			buildActionMask = 2147483647;
			files = (
			);
			runOnlyForDeploymentPostprocessing = 0;
		};
/* End PBXFrameworksBuildPhase section */

/* Begin PBXGroup section */
		405647A71B572FA7001E871A = {
			isa = PBXGroup;
			children = (
				405647B21B572FA7001E871A /* TWeather */,
				405647CC1B572FA8001E871A /* TWeatherTests */,
				405647B11B572FA7001E871A /* Products */,
			);
			sourceTree = "<group>";
		};
		405647B11B572FA7001E871A /* Products */ = {
			isa = PBXGroup;
			children = (
				405647B01B572FA7001E871A /* TWeather.app */,
				405647C91B572FA8001E871A /* TWeatherTests.xctest */,
			);
			name = Products;
			sourceTree = "<group>";
		};
		405647B21B572FA7001E871A /* TWeather */ = {
			isa = PBXGroup;
			children = (
				405647B71B572FA8001E871A /* AppDelegate.h */,
				405647B81B572FA8001E871A /* AppDelegate.m */,
				405647BA1B572FA8001E871A /* ViewController.h */,
				405647BB1B572FA8001E871A /* ViewController.m */,
				405647BD1B572FA8001E871A /* Main.storyboard */,
				405647C01B572FA8001E871A /* Images.xcassets */,
				405647C21B572FA8001E871A /* LaunchScreen.xib */,
				405647B31B572FA8001E871A /* Supporting Files */,
			);
			path = TWeather;
			sourceTree = "<group>";
		};
		405647B31B572FA8001E871A /* Supporting Files */ = {
			isa = PBXGroup;
			children = (
				405647B41B572FA8001E871A /* Info.plist */,
				405647B51B572FA8001E871A /* main.m */,
			);
			name = "Supporting Files";
			sourceTree = "<group>";
		};
		405647CC1B572FA8001E871A /* TWeatherTests */ = {
			isa = PBXGroup;
			children = (
				405647CF1B572FA8001E871A /* TWeatherTests.m */,
				405647CD1B572FA8001E871A /* Supporting Files */,
			);
			path = TWeatherTests;
			sourceTree = "<group>";
		};
		405647CD1B572FA8001E871A /* Supporting Files */ = {
			isa = PBXGroup;
			children = (
				405647CE1B572FA8001E871A /* Info.plist */,
			);
			name = "Supporting Files";
			sourceTree = "<group>";
		};
/* End PBXGroup section */

/* Begin PBXNativeTarget section */
		405647AF1B572FA7001E871A /* TWeather */ = {
			isa = PBXNativeTarget;
			buildConfigurationList = 405647D31B572FA8001E871A /* Build configuration list for PBXNativeTarget "TWeather" */;
			buildPhases = (
				405647AC1B572FA7001E871A /* Sources */,
				405647AD1B572FA7001E871A /* Frameworks */,
				405647AE1B572FA7001E871A /* Resources */,
			);
			buildRules = (
			);
			dependencies = (
			);
			name = TWeather;
			productName = TWeather;
			productReference = 405647B01B572FA7001E871A /* TWeather.app */;
			productType = "com.apple.product-type.application";
		};
		405647C81B572FA8001E871A /* TWeatherTests */ = {
			isa = PBXNativeTarget;
			buildConfigurationList = 405647D61B572FA8001E871A /* Build configuration list for PBXNativeTarget "TWeatherTests" */;
			buildPhases = (
				405647C51B572FA8001E871A /* Sources */,
				405647C61B572FA8001E871A /* Frameworks */,
				405647C71B572FA8001E871A /* Resources */,
			);
			buildRules = (
			);
			dependencies = (
				405647CB1B572FA8001E871A /* PBXTargetDependency */,
			);
			name = TWeatherTests;
			productName = TWeatherTests;
			productReference = 405647C91B572FA8001E871A /* TWeatherTests.xctest */;
			productType = "com.apple.product-type.bundle.unit-test";
		};
/* End PBXNativeTarget section */

/* Begin PBXProject section */
		405647A81B572FA7001E871A /* Project object */ = {
			isa = PBXProject;
			attributes = {
				LastUpgradeCheck = 0610;
				ORGANIZATIONNAME = Kenneth;
				TargetAttributes = {
					405647AF1B572FA7001E871A = {
						CreatedOnToolsVersion = 6.1.1;
					};
					405647C81B572FA8001E871A = {
						CreatedOnToolsVersion = 6.1.1;
						TestTargetID = 405647AF1B572FA7001E871A;
					};
				};
			};
			buildConfigurationList = 405647AB1B572FA7001E871A /* Build configuration list for PBXProject "TWeather" */;
			compatibilityVersion = "Xcode 3.2";
			developmentRegion = English;
			hasScannedForEncodings = 0;
			knownRegions = (
				en,
				Base,
			);
			mainGroup = 405647A71B572FA7001E871A;
			productRefGroup = 405647B11B572FA7001E871A /* Products */;
			projectDirPath = "";
			projectRoot = "";
			targets = (
				405647AF1B572FA7001E871A /* TWeather */,
				405647C81B572FA8001E871A /* TWeatherTests */,
			);
		};
/* End PBXProject section */

/* Begin PBXResourcesBuildPhase section */
		405647AE1B572FA7001E871A /* Resources */ = {
			isa = PBXResourcesBuildPhase;
			buildActionMask = 2147483647;
			files = (
				405647BF1B572FA8001E871A /* Main.storyboard in Resources */,
				405647C41B572FA8001E871A /* LaunchScreen.xib in Resources */,
				405647C11B572FA8001E871A /* Images.xcassets in Resources */,
			);
			runOnlyForDeploymentPostprocessing = 0;
		};
		405647C71B572FA8001E871A /* Resources */ = {
			isa = PBXResourcesBuildPhase;
			buildActionMask = 2147483647;
			files = (
			);
			runOnlyForDeploymentPostprocessing = 0;
		};
/* End PBXResourcesBuildPhase section */

/* Begin PBXSourcesBuildPhase section */
		405647AC1B572FA7001E871A /* Sources */ = {
			isa = PBXSourcesBuildPhase;
			buildActionMask = 2147483647;
			files = (
				405647BC1B572FA8001E871A /* ViewController.m in Sources */,
				405647B91B572FA8001E871A /* AppDelegate.m in Sources */,
				405647B61B572FA8001E871A /* main.m in Sources */,
			);
			runOnlyForDeploymentPostprocessing = 0;
		};
		405647C51B572FA8001E871A /* Sources */ = {
			isa = PBXSourcesBuildPhase;
			buildActionMask = 2147483647;
			files = (
				405647D01B572FA8001E871A /* TWeatherTests.m in Sources */,
			);
			runOnlyForDeploymentPostprocessing = 0;
		};
/* End PBXSourcesBuildPhase section */

/* Begin PBXTargetDependency section */
		405647CB1B572FA8001E871A /* PBXTargetDependency */ = {
			isa = PBXTargetDependency;
			target = 405647AF1B572FA7001E871A /* TWeather */;
			targetProxy = 405647CA1B572FA8001E871A /* PBXContainerItemProxy */;
		};
/* End PBXTargetDependency section */

/* Begin PBXVariantGroup section */
		405647BD1B572FA8001E871A /* Main.storyboard */ = {
			isa = PBXVariantGroup;
			children = (
				405647BE1B572FA8001E871A /* Base */,
			);
			name = Main.storyboard;
			sourceTree = "<group>";
		};
		405647C21B572FA8001E871A /* LaunchScreen.xib */ = {
			isa = PBXVariantGroup;
			children = (
				405647C31B572FA8001E871A /* Base */,
			);
			name = LaunchScreen.xib;
			sourceTree = "<group>";
		};
/* End PBXVariantGroup section */

/* Begin XCBuildConfiguration section */
		405647D11B572FA8001E871A /* Debug */ = {
			isa = XCBuildConfiguration;
			buildSettings = {
				ALWAYS_SEARCH_USER_PATHS = NO;
				CLANG_CXX_LANGUAGE_STANDARD = "gnu++0x";
				CLANG_CXX_LIBRARY = "libc++";
				CLANG_ENABLE_MODULES = YES;
				CLANG_ENABLE_OBJC_ARC = YES;
				CLANG_WARN_BOOL_CONVERSION = YES;
				CLANG_WARN_CONSTANT_CONVERSION = YES;
				CLANG_WARN_DIRECT_OBJC_ISA_USAGE = YES_ERROR;
				CLANG_WARN_EMPTY_BODY = YES;
				CLANG_WARN_ENUM_CONVERSION = YES;
				CLANG_WARN_INT_CONVERSION = YES;
				CLANG_WARN_OBJC_ROOT_CLASS = YES_ERROR;
				CLANG_WARN_UNREACHABLE_CODE = YES;
				CLANG_WARN__DUPLICATE_METHOD_MATCH = YES;
				"CODE_SIGN_IDENTITY[sdk=iphoneos*]" = "iPhone Developer";
				COPY_PHASE_STRIP = NO;
				ENABLE_STRICT_OBJC_MSGSEND = YES;
				GCC_C_LANGUAGE_STANDARD = gnu99;
				GCC_DYNAMIC_NO_PIC = NO;
				GCC_OPTIMIZATION_LEVEL = 0;
				GCC_PREPROCESSOR_DEFINITIONS = (
					"DEBUG=1",
					"$(inherited)",
				);
				GCC_SYMBOLS_PRIVATE_EXTERN = NO;
				GCC_WARN_64_TO_32_BIT_CONVERSION = YES;
				GCC_WARN_ABOUT_RETURN_TYPE = YES_ERROR;
				GCC_WARN_UNDECLARED_SELECTOR = YES;
				GCC_WARN_UNINITIALIZED_AUTOS = YES_AGGRESSIVE;
				GCC_WARN_UNUSED_FUNCTION = YES;
				GCC_WARN_UNUSED_VARIABLE = YES;
				IPHONEOS_DEPLOYMENT_TARGET = 8.1;
				MTL_ENABLE_DEBUG_INFO = YES;
				ONLY_ACTIVE_ARCH = YES;
				SDKROOT = iphoneos;
				TARGETED_DEVICE_FAMILY = 2;
			};
			name = Debug;
		};
		405647D21B572FA8001E871A /* Release */ = {
			isa = XCBuildConfiguration;
			buildSettings = {
				ALWAYS_SEARCH_USER_PATHS = NO;
				CLANG_CXX_LANGUAGE_STANDARD = "gnu++0x";
				CLANG_CXX_LIBRARY = "libc++";
				CLANG_ENABLE_MODULES = YES;
				CLANG_ENABLE_OBJC_ARC = YES;
				CLANG_WARN_BOOL_CONVERSION = YES;
				CLANG_WARN_CONSTANT_CONVERSION = YES;
				CLANG_WARN_DIRECT_OBJC_ISA_USAGE = YES_ERROR;
				CLANG_WARN_EMPTY_BODY = YES;
				CLANG_WARN_ENUM_CONVERSION = YES;
				CLANG_WARN_INT_CONVERSION = YES;
				CLANG_WARN_OBJC_ROOT_CLASS = YES_ERROR;
				CLANG_WARN_UNREACHABLE_CODE = YES;
				CLANG_WARN__DUPLICATE_METHOD_MATCH = YES;
				"CODE_SIGN_IDENTITY[sdk=iphoneos*]" = "iPhone Developer";
				COPY_PHASE_STRIP = YES;
				ENABLE_NS_ASSERTIONS = NO;
				ENABLE_STRICT_OBJC_MSGSEND = YES;
				GCC_C_LANGUAGE_STANDARD = gnu99;
				GCC_WARN_64_TO_32_BIT_CONVERSION = YES;
				GCC_WARN_ABOUT_RETURN_TYPE = YES_ERROR;
				GCC_WARN_UNDECLARED_SELECTOR = YES;
				GCC_WARN_UNINITIALIZED_AUTOS = YES_AGGRESSIVE;
				GCC_WARN_UNUSED_FUNCTION = YES;
				GCC_WARN_UNUSED_VARIABLE = YES;
				IPHONEOS_DEPLOYMENT_TARGET = 8.1;
				MTL_ENABLE_DEBUG_INFO = NO;
				SDKROOT = iphoneos;
				TARGETED_DEVICE_FAMILY = 2;
				VALIDATE_PRODUCT = YES;
			};
			name = Release;
		};
		405647D41B572FA8001E871A /* Debug */ = {
			isa = XCBuildConfiguration;
			buildSettings = {
				ASSETCATALOG_COMPILER_APPICON_NAME = AppIcon;
				INFOPLIST_FILE = TWeather/Info.plist;
				LD_RUNPATH_SEARCH_PATHS = "$(inherited) @executable_path/Frameworks";
				PRODUCT_NAME = "$(TARGET_NAME)";
			};
			name = Debug;
		};
		405647D51B572FA8001E871A /* Release */ = {
			isa = XCBuildConfiguration;
			buildSettings = {
				ASSETCATALOG_COMPILER_APPICON_NAME = AppIcon;
				INFOPLIST_FILE = TWeather/Info.plist;
				LD_RUNPATH_SEARCH_PATHS = "$(inherited) @executable_path/Frameworks";
				PRODUCT_NAME = "$(TARGET_NAME)";
			};
			name = Release;
		};
		405647D71B572FA8001E871A /* Debug */ = {
			isa = XCBuildConfiguration;
			buildSettings = {
				BUNDLE_LOADER = "$(TEST_HOST)";
				FRAMEWORK_SEARCH_PATHS = (
					"$(SDKROOT)/Developer/Library/Frameworks",
					"$(inherited)",
				);
				GCC_PREPROCESSOR_DEFINITIONS = (
					"DEBUG=1",
					"$(inherited)",
				);
				INFOPLIST_FILE = TWeatherTests/Info.plist;
				LD_RUNPATH_SEARCH_PATHS = "$(inherited) @executable_path/Frameworks @loader_path/Frameworks";
				PRODUCT_NAME = "$(TARGET_NAME)";
				TEST_HOST = "$(BUILT_PRODUCTS_DIR)/TWeather.app/TWeather";
			};
			name = Debug;
		};
		405647D81B572FA8001E871A /* Release */ = {
			isa = XCBuildConfiguration;
			buildSettings = {
				BUNDLE_LOADER = "$(TEST_HOST)";
				FRAMEWORK_SEARCH_PATHS = (
					"$(SDKROOT)/Developer/Library/Frameworks",
					"$(inherited)",
				);
				INFOPLIST_FILE = TWeatherTests/Info.plist;
				LD_RUNPATH_SEARCH_PATHS = "$(inherited) @executable_path/Frameworks @loader_path/Frameworks";
				PRODUCT_NAME = "$(TARGET_NAME)";
				TEST_HOST = "$(BUILT_PRODUCTS_DIR)/TWeather.app/TWeather";
			};
			name = Release;
		};
/* End XCBuildConfiguration section */

/* Begin XCConfigurationList section */
		405647AB1B572FA7001E871A /* Build configuration list for PBXProject "TWeather" */ = {
			isa = XCConfigurationList;
			buildConfigurations = (
				405647D11B572FA8001E871A /* Debug */,
				405647D21B572FA8001E871A /* Release */,
			);
			defaultConfigurationIsVisible = 0;
			defaultConfigurationName = Release;
		};
		405647D31B572FA8001E871A /* Build configuration list for PBXNativeTarget "TWeather" */ = {
			isa = XCConfigurationList;
			buildConfigurations = (
				405647D41B572FA8001E871A /* Debug */,
				405647D51B572FA8001E871A /* Release */,
			);
			defaultConfigurationIsVisible = 0;
		};
		405647D61B572FA8001E871A /* Build configuration list for PBXNativeTarget "TWeatherTests" */ = {
			isa = XCConfigurationList;
			buildConfigurations = (
				405647D71B572FA8001E871A /* Debug */,
				405647D81B572FA8001E871A /* Release */,
			);
			defaultConfigurationIsVisible = 0;
		};
/* End XCConfigurationList section */
	};
	rootObject = 405647A81B572FA7001E871A /* Project object */;
}
